
Microsoft Visual Studio Solution File, Format Version 12.00
# Visual Studio Version 17
VisualStudioVersion = 17.7.34018.315
MinimumVisualStudioVersion = 10.0.40219.1
Project("{2150E333-8FDC-42A3-9474-1A3956D46DE8}") = "Solution Items", "Solution Items", "{D1B7A3B1-67B6-48C4-AB0C-E1D60A23F568}"
	ProjectSection(SolutionItems) = preProject
		.editorconfig = .editorconfig
		.gitattributes = .gitattributes
		.gitignore = .gitignore
		README.md = README.md
	EndProjectSection
EndProject
Project("{2150E333-8FDC-42A3-9474-1A3956D46DE8}") = "src", "src", "{3BE59ABE-475B-41DD-A4B6-D1A4EE0C328D}"
EndProject
Project("{9A19103F-16F7-4668-BE54-9A1E7A4F7556}") = "SMSRelay.Core", "src\SMSRelay.Core\SMSRelay.Core.csproj", "{1F25F68D-F0DA-48BC-A21F-11064B0DC275}"
EndProject
Project("{9A19103F-16F7-4668-BE54-9A1E7A4F7556}") = "SMSRelay.MobileApp", "src\SMSRelay.MobileApp\SMSRelay.MobileApp.csproj", "{9BD14569-9838-4E8C-B1DC-CDE6A1948319}"
EndProject
Project("{9A19103F-16F7-4668-BE54-9A1E7A4F7556}") = "SMSRelay.Forwarder", "src\SMSRelay.Forwarder\SMSRelay.Forwarder.csproj", "{1DAE00D5-3A47-4B0A-9C6C-B707A59991DE}"
EndProject
Project("{FAE04EC0-301F-11D3-BF4B-00C04F79EFBC}") = "SMSRelay.Receiver", "src\SMSRelay.Receiver\SMSRelay.Receiver.csproj", "{E54256D9-F828-46C2-AA9A-46232C7AC3C7}"
EndProject
Global
	GlobalSection(SolutionConfigurationPlatforms) = preSolution
		Debug|Any CPU = Debug|Any CPU
		Release|Any CPU = Release|Any CPU
	EndGlobalSection
	GlobalSection(ProjectConfigurationPlatforms) = postSolution
		{1F25F68D-F0DA-48BC-A21F-11064B0DC275}.Debug|Any CPU.ActiveCfg = Debug|Any CPU
		{1F25F68D-F0DA-48BC-A21F-11064B0DC275}.Debug|Any CPU.Build.0 = Debug|Any CPU
		{1F25F68D-F0DA-48BC-A21F-11064B0DC275}.Release|Any CPU.ActiveCfg = Release|Any CPU
		{1F25F68D-F0DA-48BC-A21F-11064B0DC275}.Release|Any CPU.Build.0 = Release|Any CPU
		{9BD14569-9838-4E8C-B1DC-CDE6A1948319}.Debug|Any CPU.ActiveCfg = Debug|Any CPU
		{9BD14569-9838-4E8C-B1DC-CDE6A1948319}.Debug|Any CPU.Build.0 = Debug|Any CPU
		{9BD14569-9838-4E8C-B1DC-CDE6A1948319}.Debug|Any CPU.Deploy.0 = Debug|Any CPU
		{9BD14569-9838-4E8C-B1DC-CDE6A1948319}.Release|Any CPU.ActiveCfg = Release|Any CPU
		{9BD14569-9838-4E8C-B1DC-CDE6A1948319}.Release|Any CPU.Build.0 = Release|Any CPU
		{9BD14569-9838-4E8C-B1DC-CDE6A1948319}.Release|Any CPU.Deploy.0 = Release|Any CPU
		{1DAE00D5-3A47-4B0A-9C6C-B707A59991DE}.Debug|Any CPU.ActiveCfg = Debug|Any CPU
		{1DAE00D5-3A47-4B0A-9C6C-B707A59991DE}.Debug|Any CPU.Build.0 = Debug|Any CPU
		{1DAE00D5-3A47-4B0A-9C6C-B707A59991DE}.Release|Any CPU.ActiveCfg = Release|Any CPU
		{1DAE00D5-3A47-4B0A-9C6C-B707A59991DE}.Release|Any CPU.Build.0 = Release|Any CPU
		{E54256D9-F828-46C2-AA9A-46232C7AC3C7}.Debug|Any CPU.ActiveCfg = Debug|Any CPU
		{E54256D9-F828-46C2-AA9A-46232C7AC3C7}.Debug|Any CPU.Build.0 = Debug|Any CPU
		{E54256D9-F828-46C2-AA9A-46232C7AC3C7}.Release|Any CPU.ActiveCfg = Release|Any CPU
		{E54256D9-F828-46C2-AA9A-46232C7AC3C7}.Release|Any CPU.Build.0 = Release|Any CPU
	EndGlobalSection
	GlobalSection(SolutionProperties) = preSolution
		HideSolutionNode = FALSE
	EndGlobalSection
	GlobalSection(NestedProjects) = preSolution
		{1F25F68D-F0DA-48BC-A21F-11064B0DC275} = {3BE59ABE-475B-41DD-A4B6-D1A4EE0C328D}
		{9BD14569-9838-4E8C-B1DC-CDE6A1948319} = {3BE59ABE-475B-41DD-A4B6-D1A4EE0C328D}
		{1DAE00D5-3A47-4B0A-9C6C-B707A59991DE} = {3BE59ABE-475B-41DD-A4B6-D1A4EE0C328D}
		{E54256D9-F828-46C2-AA9A-46232C7AC3C7} = {3BE59ABE-475B-41DD-A4B6-D1A4EE0C328D}
	EndGlobalSection
	GlobalSection(ExtensibilityGlobals) = postSolution
		SolutionGuid = {A5D09AF3-A8B7-4E30-AEE4-18E6824BFB7D}
	EndGlobalSection
EndGlobal
